// !$*UTF8*$!
{
	archiveVersion = 1;
	classes = {
	};
	objectVersion = 46;
	objects = {

/* Begin PBXBuildFile section */
		C836D7A81D88ECA1004DC1B9 /* main.m in Sources */ = {isa = PBXBuildFile; fileRef = C836D7A71D88ECA1004DC1B9 /* main.m */; };
		C836D7B21D88EE79004DC1B9 /* Person.m in Sources */ = {isa = PBXBuildFile; fileRef = C836D7B11D88EE79004DC1B9 /* Person.m */; };
		C836D7B51D88F167004DC1B9 /* Contact.m in Sources */ = {isa = PBXBuildFile; fileRef = C836D7B41D88F167004DC1B9 /* Contact.m */; };
		C836D7B81D88F174004DC1B9 /* CManager.m in Sources */ = {isa = PBXBuildFile; fileRef = C836D7B71D88F174004DC1B9 /* CManager.m */; };
		C836D7BB1D88F183004DC1B9 /* KeyboardScanner.m in Sources */ = {isa = PBXBuildFile; fileRef = C836D7BA1D88F183004DC1B9 /* KeyboardScanner.m */; };
/* End PBXBuildFile section */

/* Begin PBXCopyFilesBuildPhase section */
		C836D7A21D88ECA1004DC1B9 /* CopyFiles */ = {
			isa = PBXCopyFilesBuildPhase;
			buildActionMask = 2147483647;
			dstPath = /usr/share/man/man1/;
			dstSubfolderSpec = 0;
			files = (
			);
			runOnlyForDeploymentPostprocessing = 1;
		};
/* End PBXCopyFilesBuildPhase section */

/* Begin PBXFileReference section */
		C836D7A41D88ECA1004DC1B9 /* Very-simple-address-book */ = {isa = PBXFileReference; explicitFileType = "compiled.mach-o.executable"; includeInIndex = 0; path = "Very-simple-address-book"; sourceTree = BUILT_PRODUCTS_DIR; };
		C836D7A71D88ECA1004DC1B9 /* main.m */ = {isa = PBXFileReference; lastKnownFileType = sourcecode.c.objc; path = main.m; sourceTree = "<group>"; };
		C836D7B01D88EE79004DC1B9 /* Person.h */ = {isa = PBXFileReference; fileEncoding = 4; lastKnownFileType = sourcecode.c.h; path = Person.h; sourceTree = "<group>"; };
		C836D7B11D88EE79004DC1B9 /* Person.m */ = {isa = PBXFileReference; fileEncoding = 4; lastKnownFileType = sourcecode.c.objc; path = Person.m; sourceTree = "<group>"; };
		C836D7B31D88F167004DC1B9 /* Contact.h */ = {isa = PBXFileReference; fileEncoding = 4; lastKnownFileType = sourcecode.c.h; path = Contact.h; sourceTree = "<group>"; };
		C836D7B41D88F167004DC1B9 /* Contact.m */ = {isa = PBXFileReference; fileEncoding = 4; lastKnownFileType = sourcecode.c.objc; path = Contact.m; sourceTree = "<group>"; };
		C836D7B61D88F174004DC1B9 /* CManager.h */ = {isa = PBXFileReference; fileEncoding = 4; lastKnownFileType = sourcecode.c.h; path = CManager.h; sourceTree = "<group>"; };
		C836D7B71D88F174004DC1B9 /* CManager.m */ = {isa = PBXFileReference; fileEncoding = 4; lastKnownFileType = sourcecode.c.objc; path = CManager.m; sourceTree = "<group>"; };
		C836D7B91D88F183004DC1B9 /* KeyboardScanner.h */ = {isa = PBXFileReference; fileEncoding = 4; lastKnownFileType = sourcecode.c.h; path = KeyboardScanner.h; sourceTree = "<group>"; };
		C836D7BA1D88F183004DC1B9 /* KeyboardScanner.m */ = {isa = PBXFileReference; fileEncoding = 4; lastKnownFileType = sourcecode.c.objc; path = KeyboardScanner.m; sourceTree = "<group>"; };
/* End PBXFileReference section */

/* Begin PBXFrameworksBuildPhase section */
		C836D7A11D88ECA1004DC1B9 /* Frameworks */ = {
			isa = PBXFrameworksBuildPhase;
			buildActionMask = 2147483647;
			files = (
			);
			runOnlyForDeploymentPostprocessing = 0;
		};
/* End PBXFrameworksBuildPhase section */

/* Begin PBXGroup section */
		C836D79B1D88ECA1004DC1B9 = {
			isa = PBXGroup;
			children = (
				C836D7A61D88ECA1004DC1B9 /* Very-simple-address-book */,
				C836D7A51D88ECA1004DC1B9 /* Products */,
			);
			sourceTree = "<group>";
		};
		C836D7A51D88ECA1004DC1B9 /* Products */ = {
			isa = PBXGroup;
			children = (
				C836D7A41D88ECA1004DC1B9 /* Very-simple-address-book */,
			);
			name = Products;
			sourceTree = "<group>";
		};
		C836D7A61D88ECA1004DC1B9 /* Very-simple-address-book */ = {
			isa = PBXGroup;
			children = (
				C836D7A71D88ECA1004DC1B9 /* main.m */,
				C836D7B01D88EE79004DC1B9 /* Person.h */,
				C836D7B11D88EE79004DC1B9 /* Person.m */,
				C836D7B31D88F167004DC1B9 /* Contact.h */,
				C836D7B41D88F167004DC1B9 /* Contact.m */,
				C836D7AE1D88EE3A004DC1B9 /* 正则表达式 */,
				C836D7AF1D88EE3A004DC1B9 /* KeyboardScanner */,
			);
			path = "Very-simple-address-book";
			sourceTree = "<group>";
		};
		C836D7AE1D88EE3A004DC1B9 /* 正则表达式 */ = {
			isa = PBXGroup;
			children = (
				C836D7B61D88F174004DC1B9 /* CManager.h */,
				C836D7B71D88F174004DC1B9 /* CManager.m */,
			);
			path = "正则表达式";
			sourceTree = "<group>";
		};
		C836D7AF1D88EE3A004DC1B9 /* KeyboardScanner */ = {
			isa = PBXGroup;
			children = (
				C836D7B91D88F183004DC1B9 /* KeyboardScanner.h */,
				C836D7BA1D88F183004DC1B9 /* KeyboardScanner.m */,
			);
			path = KeyboardScanner;
			sourceTree = "<group>";
		};
/* End PBXGroup section */

/* Begin PBXNativeTarget section */
		C836D7A31D88ECA1004DC1B9 /* Very-simple-address-book */ = {
			isa = PBXNativeTarget;
			buildConfigurationList = C836D7AB1D88ECA1004DC1B9 /* Build configuration list for PBXNativeTarget "Very-simple-address-book" */;
			buildPhases = (
				C836D7A01D88ECA1004DC1B9 /* Sources */,
				C836D7A11D88ECA1004DC1B9 /* Frameworks */,
				C836D7A21D88ECA1004DC1B9 /* CopyFiles */,
			);
			buildRules = (
			);
			dependencies = (
			);
			name = "Very-simple-address-book";
			productName = "Very-simple-address-book";
			productReference = C836D7A41D88ECA1004DC1B9 /* Very-simple-address-book */;
			productType = "com.apple.product-type.tool";
		};
/* End PBXNativeTarget section */

/* Begin PBXProject section */
		C836D79C1D88ECA1004DC1B9 /* Project object */ = {
			isa = PBXProject;
			attributes = {
				LastUpgradeCheck = 0730;
				ORGANIZATIONNAME = apple;
				TargetAttributes = {
					C836D7A31D88ECA1004DC1B9 = {
						CreatedOnToolsVersion = 7.3.1;
					};
				};
			};
			buildConfigurationList = C836D79F1D88ECA1004DC1B9 /* Build configuration list for PBXProject "Very-simple-address-book" */;
			compatibilityVersion = "Xcode 3.2";
			developmentRegion = English;
			hasScannedForEncodings = 0;
			knownRegions = (
				en,
			);
			mainGroup = C836D79B1D88ECA1004DC1B9;
			productRefGroup = C836D7A51D88ECA1004DC1B9 /* Products */;
			projectDirPath = "";
			projectRoot = "";
			targets = (
				C836D7A31D88ECA1004DC1B9 /* Very-simple-address-book */,
			);
		};
/* End PBXProject section */

/* Begin PBXSourcesBuildPhase section */
		C836D7A01D88ECA1004DC1B9 /* Sources */ = {
			isa = PBXSourcesBuildPhase;
			buildActionMask = 2147483647;
			files = (
				C836D7B21D88EE79004DC1B9 /* Person.m in Sources */,
				C836D7B51D88F167004DC1B9 /* Contact.m in Sources */,
				C836D7B81D88F174004DC1B9 /* CManager.m in Sources */,
				C836D7A81D88ECA1004DC1B9 /* main.m in Sources */,
				C836D7BB1D88F183004DC1B9 /* KeyboardScanner.m in Sources */,
			);
			runOnlyForDeploymentPostprocessing = 0;
		};
/* End PBXSourcesBuildPhase section */

/* Begin XCBuildConfiguration section */
		C836D7A91D88ECA1004DC1B9 /* Debug */ = {
			isa = XCBuildConfiguration;
			buildSettings = {
				ALWAYS_SEARCH_USER_PATHS = NO;
				CLANG_ANALYZER_NONNULL = YES;
				CLANG_CXX_LANGUAGE_STANDARD = "gnu++0x";
				CLANG_CXX_LIBRARY = "libc++";
				CLANG_ENABLE_MODULES = YES;
				CLANG_ENABLE_OBJC_ARC = YES;
				CLANG_WARN_BOOL_CONVERSION = YES;
				CLANG_WARN_CONSTANT_CONVERSION = YES;
				CLANG_WARN_DIRECT_OBJC_ISA_USAGE = YES_ERROR;
				CLANG_WARN_EMPTY_BODY = YES;
				CLANG_WARN_ENUM_CONVERSION = YES;
				CLANG_WARN_INT_CONVERSION = YES;
				CLANG_WARN_OBJC_ROOT_CLASS = YES_ERROR;
				CLANG_WARN_UNREACHABLE_CODE = YES;
				CLANG_WARN__DUPLICATE_METHOD_MATCH = YES;
				CODE_SIGN_IDENTITY = "-";
				COPY_PHASE_STRIP = NO;
				DEBUG_INFORMATION_FORMAT = dwarf;
				ENABLE_STRICT_OBJC_MSGSEND = YES;
				ENABLE_TESTABILITY = YES;
				GCC_C_LANGUAGE_STANDARD = gnu99;
				GCC_DYNAMIC_NO_PIC = NO;
				GCC_NO_COMMON_BLOCKS = YES;
				GCC_OPTIMIZATION_LEVEL = 0;
				GCC_PREPROCESSOR_DEFINITIONS = (
					"DEBUG=1",
					"$(inherited)",
				);
				GCC_WARN_64_TO_32_BIT_CONVERSION = YES;
				GCC_WARN_ABOUT_RETURN_TYPE = YES_ERROR;
				GCC_WARN_UNDECLARED_SELECTOR = YES;
				GCC_WARN_UNINITIALIZED_AUTOS = YES_AGGRESSIVE;
				GCC_WARN_UNUSED_FUNCTION = YES;
				GCC_WARN_UNUSED_VARIABLE = YES;
				MACOSX_DEPLOYMENT_TARGET = 10.11;
				MTL_ENABLE_DEBUG_INFO = YES;
				ONLY_ACTIVE_ARCH = YES;
				SDKROOT = macosx;
			};
			name = Debug;
		};
		C836D7AA1D88ECA1004DC1B9 /* Release */ = {
			isa = XCBuildConfiguration;
			buildSettings = {
				ALWAYS_SEARCH_USER_PATHS = NO;
				CLANG_ANALYZER_NONNULL = YES;
				CLANG_CXX_LANGUAGE_STANDARD = "gnu++0x";
				CLANG_CXX_LIBRARY = "libc++";
				CLANG_ENABLE_MODULES = YES;
				CLANG_ENABLE_OBJC_ARC = YES;
				CLANG_WARN_BOOL_CONVERSION = YES;
				CLANG_WARN_CONSTANT_CONVERSION = YES;
				CLANG_WARN_DIRECT_OBJC_ISA_USAGE = YES_ERROR;
				CLANG_WARN_EMPTY_BODY = YES;
				CLANG_WARN_ENUM_CONVERSION = YES;
				CLANG_WARN_INT_CONVERSION = YES;
				CLANG_WARN_OBJC_ROOT_CLASS = YES_ERROR;
				CLANG_WARN_UNREACHABLE_CODE = YES;
				CLANG_WARN__DUPLICATE_METHOD_MATCH = YES;
				CODE_SIGN_IDENTITY = "-";
				COPY_PHASE_STRIP = NO;
				DEBUG_INFORMATION_FORMAT = "dwarf-with-dsym";
				ENABLE_NS_ASSERTIONS = NO;
				ENABLE_STRICT_OBJC_MSGSEND = YES;
				GCC_C_LANGUAGE_STANDARD = gnu99;
				GCC_NO_COMMON_BLOCKS = YES;
				GCC_WARN_64_TO_32_BIT_CONVERSION = YES;
				GCC_WARN_ABOUT_RETURN_TYPE = YES_ERROR;
				GCC_WARN_UNDECLARED_SELECTOR = YES;
				GCC_WARN_UNINITIALIZED_AUTOS = YES_AGGRESSIVE;
				GCC_WARN_UNUSED_FUNCTION = YES;
				GCC_WARN_UNUSED_VARIABLE = YES;
				MACOSX_DEPLOYMENT_TARGET = 10.11;
				MTL_ENABLE_DEBUG_INFO = NO;
				SDKROOT = macosx;
			};
			name = Release;
		};
		C836D7AC1D88ECA1004DC1B9 /* Debug */ = {
			isa = XCBuildConfiguration;
			buildSettings = {
				PRODUCT_NAME = "$(TARGET_NAME)";
			};
			name = Debug;
		};
		C836D7AD1D88ECA1004DC1B9 /* Release */ = {
			isa = XCBuildConfiguration;
			buildSettings = {
				PRODUCT_NAME = "$(TARGET_NAME)";
			};
			name = Release;
		};
/* End XCBuildConfiguration section */

/* Begin XCConfigurationList section */
		C836D79F1D88ECA1004DC1B9 /* Build configuration list for PBXProject "Very-simple-address-book" */ = {
			isa = XCConfigurationList;
			buildConfigurations = (
				C836D7A91D88ECA1004DC1B9 /* Debug */,
				C836D7AA1D88ECA1004DC1B9 /* Release */,
			);
			defaultConfigurationIsVisible = 0;
			defaultConfigurationName = Release;
		};
		C836D7AB1D88ECA1004DC1B9 /* Build configuration list for PBXNativeTarget "Very-simple-address-book" */ = {
			isa = XCConfigurationList;
			buildConfigurations = (
				C836D7AC1D88ECA1004DC1B9 /* Debug */,
				C836D7AD1D88ECA1004DC1B9 /* Release */,
			);
			defaultConfigurationIsVisible = 0;
		};
/* End XCConfigurationList section */
	};
	rootObject = C836D79C1D88ECA1004DC1B9 /* Project object */;
}
